// !$*UTF8*$!
{
	archiveVersion = 1;
	classes = {
	};
	objectVersion = 48;
	objects = {

/* Begin PBXBuildFile section */
		8468DDE220730F6900529D20 /* AppDelegate.swift in Sources */ = {isa = PBXBuildFile; fileRef = 8468DDE120730F6900529D20 /* AppDelegate.swift */; };
		8468DDE720730F6900529D20 /* Main.storyboard in Resources */ = {isa = PBXBuildFile; fileRef = 8468DDE520730F6900529D20 /* Main.storyboard */; };
		8468DDE920730F6900529D20 /* Assets.xcassets in Resources */ = {isa = PBXBuildFile; fileRef = 8468DDE820730F6900529D20 /* Assets.xcassets */; };
		8468DDEC20730F6900529D20 /* LaunchScreen.storyboard in Resources */ = {isa = PBXBuildFile; fileRef = 8468DDEA20730F6900529D20 /* LaunchScreen.storyboard */; };
		8468DDF420730F8D00529D20 /* WeatherViewController.swift in Sources */ = {isa = PBXBuildFile; fileRef = 8468DDF320730F8D00529D20 /* WeatherViewController.swift */; };
		8468DDF92073225F00529D20 /* WeatherTableViewCell.swift in Sources */ = {isa = PBXBuildFile; fileRef = 8468DDF82073225F00529D20 /* WeatherTableViewCell.swift */; };
		8468DDFC2073237D00529D20 /* WeatherViewModel.swift in Sources */ = {isa = PBXBuildFile; fileRef = 8468DDFB2073237D00529D20 /* WeatherViewModel.swift */; };
		8468DDFE2073253600529D20 /* WeatherModel.swift in Sources */ = {isa = PBXBuildFile; fileRef = 8468DDFD2073253600529D20 /* WeatherModel.swift */; };
		8468DE022075C78E00529D20 /* Utilities.swift in Sources */ = {isa = PBXBuildFile; fileRef = 8468DE012075C78E00529D20 /* Utilities.swift */; };
		849DCF4C207738B30031F7B5 /* Extensions\\.swift in Sources */ = {isa = PBXBuildFile; fileRef = 849DCF4B207738B30031F7B5 /* Extensions\\.swift */; };
		849DCF5020773E330031F7B5 /* EmptyTableView.xib in Resources */ = {isa = PBXBuildFile; fileRef = 849DCF4F20773E330031F7B5 /* EmptyTableView.xib */; };
		849DCF5320773F570031F7B5 /* EmptyTableView.swift in Sources */ = {isa = PBXBuildFile; fileRef = 849DCF5220773F570031F7B5 /* EmptyTableView.swift */; };
		849DCF56207750A60031F7B5 /* MapViewController.swift in Sources */ = {isa = PBXBuildFile; fileRef = 849DCF55207750A60031F7B5 /* MapViewController.swift */; };
		849DCF5820775A220031F7B5 /* MapModel.swift in Sources */ = {isa = PBXBuildFile; fileRef = 849DCF5720775A220031F7B5 /* MapModel.swift */; };
		F31F63E70A49D1DFD106619A /* Pods_WeatherAppRX.framework in Frameworks */ = {isa = PBXBuildFile; fileRef = 7071087386125C4267A3034A /* Pods_WeatherAppRX.framework */; };
/* End PBXBuildFile section */

/* Begin PBXFileReference section */
		24C62DAEB195B51A5856580A /* Pods-WeatherAppRX.release.xcconfig */ = {isa = PBXFileReference; includeInIndex = 1; lastKnownFileType = text.xcconfig; name = "Pods-WeatherAppRX.release.xcconfig"; path = "Pods/Target Support Files/Pods-WeatherAppRX/Pods-WeatherAppRX.release.xcconfig"; sourceTree = "<group>"; };
		26F567FD7D55E5104BE31EC7 /* Pods-WeatherAppRX.debug.xcconfig */ = {isa = PBXFileReference; includeInIndex = 1; lastKnownFileType = text.xcconfig; name = "Pods-WeatherAppRX.debug.xcconfig"; path = "Pods/Target Support Files/Pods-WeatherAppRX/Pods-WeatherAppRX.debug.xcconfig"; sourceTree = "<group>"; };
		7071087386125C4267A3034A /* Pods_WeatherAppRX.framework */ = {isa = PBXFileReference; explicitFileType = wrapper.framework; includeInIndex = 0; path = Pods_WeatherAppRX.framework; sourceTree = BUILT_PRODUCTS_DIR; };
		8468DDDE20730F6900529D20 /* WeatherAppRX.app */ = {isa = PBXFileReference; explicitFileType = wrapper.application; includeInIndex = 0; path = WeatherAppRX.app; sourceTree = BUILT_PRODUCTS_DIR; };
		8468DDE120730F6900529D20 /* AppDelegate.swift */ = {isa = PBXFileReference; lastKnownFileType = sourcecode.swift; path = AppDelegate.swift; sourceTree = "<group>"; };
		8468DDE620730F6900529D20 /* Base */ = {isa = PBXFileReference; lastKnownFileType = file.storyboard; name = Base; path = Base.lproj/Main.storyboard; sourceTree = "<group>"; };
		8468DDE820730F6900529D20 /* Assets.xcassets */ = {isa = PBXFileReference; lastKnownFileType = folder.assetcatalog; path = Assets.xcassets; sourceTree = "<group>"; };
		8468DDEB20730F6900529D20 /* Base */ = {isa = PBXFileReference; lastKnownFileType = file.storyboard; name = Base; path = Base.lproj/LaunchScreen.storyboard; sourceTree = "<group>"; };
		8468DDED20730F6900529D20 /* Info.plist */ = {isa = PBXFileReference; lastKnownFileType = text.plist.xml; path = Info.plist; sourceTree = "<group>"; };
		8468DDF320730F8D00529D20 /* WeatherViewController.swift */ = {isa = PBXFileReference; lastKnownFileType = sourcecode.swift; path = WeatherViewController.swift; sourceTree = "<group>"; };
		8468DDF82073225F00529D20 /* WeatherTableViewCell.swift */ = {isa = PBXFileReference; lastKnownFileType = sourcecode.swift; path = WeatherTableViewCell.swift; sourceTree = "<group>"; };
		8468DDFB2073237D00529D20 /* WeatherViewModel.swift */ = {isa = PBXFileReference; lastKnownFileType = sourcecode.swift; path = WeatherViewModel.swift; sourceTree = "<group>"; };
		8468DDFD2073253600529D20 /* WeatherModel.swift */ = {isa = PBXFileReference; lastKnownFileType = sourcecode.swift; path = WeatherModel.swift; sourceTree = "<group>"; };
		8468DE012075C78E00529D20 /* Utilities.swift */ = {isa = PBXFileReference; lastKnownFileType = sourcecode.swift; path = Utilities.swift; sourceTree = "<group>"; };
		849DCF4B207738B30031F7B5 /* Extensions\\.swift */ = {isa = PBXFileReference; lastKnownFileType = sourcecode.swift; path = "Extensions\\\\.swift"; sourceTree = "<group>"; };
		849DCF4F20773E330031F7B5 /* EmptyTableView.xib */ = {isa = PBXFileReference; lastKnownFileType = file.xib; path = EmptyTableView.xib; sourceTree = "<group>"; };
		849DCF5220773F570031F7B5 /* EmptyTableView.swift */ = {isa = PBXFileReference; lastKnownFileType = sourcecode.swift; path = EmptyTableView.swift; sourceTree = "<group>"; };
		849DCF55207750A60031F7B5 /* MapViewController.swift */ = {isa = PBXFileReference; lastKnownFileType = sourcecode.swift; path = MapViewController.swift; sourceTree = "<group>"; };
		849DCF5720775A220031F7B5 /* MapModel.swift */ = {isa = PBXFileReference; lastKnownFileType = sourcecode.swift; path = MapModel.swift; sourceTree = "<group>"; };
/* End PBXFileReference section */

/* Begin PBXFrameworksBuildPhase section */
		8468DDDB20730F6900529D20 /* Frameworks */ = {
			isa = PBXFrameworksBuildPhase;
			buildActionMask = 2147483647;
			files = (
				F31F63E70A49D1DFD106619A /* Pods_WeatherAppRX.framework in Frameworks */,
			);
			runOnlyForDeploymentPostprocessing = 0;
		};
/* End PBXFrameworksBuildPhase section */

/* Begin PBXGroup section */
		40831FA6F4F75B1B36D2B52E /* Pods */ = {
			isa = PBXGroup;
			children = (
				26F567FD7D55E5104BE31EC7 /* Pods-WeatherAppRX.debug.xcconfig */,
				24C62DAEB195B51A5856580A /* Pods-WeatherAppRX.release.xcconfig */,
			);
			name = Pods;
			sourceTree = "<group>";
		};
		8468DDD520730F6900529D20 = {
			isa = PBXGroup;
			children = (
				8468DDE020730F6900529D20 /* WeatherAppRX */,
				8468DDDF20730F6900529D20 /* Products */,
				40831FA6F4F75B1B36D2B52E /* Pods */,
				D4658C48AD6C0745C7913063 /* Frameworks */,
			);
			sourceTree = "<group>";
		};
		8468DDDF20730F6900529D20 /* Products */ = {
			isa = PBXGroup;
			children = (
				8468DDDE20730F6900529D20 /* WeatherAppRX.app */,
			);
			name = Products;
			sourceTree = "<group>";
		};
		8468DDE020730F6900529D20 /* WeatherAppRX */ = {
			isa = PBXGroup;
			children = (
				8468DDE120730F6900529D20 /* AppDelegate.swift */,
				849DCF5120773F2D0031F7B5 /* EmptyTableView */,
				849DCF4E20773AFE0031F7B5 /* Storyboards */,
				849DCF4D20773ADE0031F7B5 /* Utilities */,
				8468DDFA2073236000529D20 /* WeatherModule */,
				849DCF54207750840031F7B5 /* MapsModule */,
				8468DDE820730F6900529D20 /* Assets.xcassets */,
				8468DDED20730F6900529D20 /* Info.plist */,
			);
			path = WeatherAppRX;
			sourceTree = "<group>";
		};
		8468DDFA2073236000529D20 /* WeatherModule */ = {
			isa = PBXGroup;
			children = (
				8468DDF82073225F00529D20 /* WeatherTableViewCell.swift */,
				8468DDF320730F8D00529D20 /* WeatherViewController.swift */,
				8468DDFB2073237D00529D20 /* WeatherViewModel.swift */,
				8468DDFD2073253600529D20 /* WeatherModel.swift */,
			);
			path = WeatherModule;
			sourceTree = "<group>";
		};
		849DCF4D20773ADE0031F7B5 /* Utilities */ = {
			isa = PBXGroup;
			children = (
				8468DE012075C78E00529D20 /* Utilities.swift */,
				849DCF4B207738B30031F7B5 /* Extensions\\.swift */,
			);
			path = Utilities;
			sourceTree = "<group>";
		};
		849DCF4E20773AFE0031F7B5 /* Storyboards */ = {
			isa = PBXGroup;
			children = (
				8468DDE520730F6900529D20 /* Main.storyboard */,
				8468DDEA20730F6900529D20 /* LaunchScreen.storyboard */,
			);
			path = Storyboards;
			sourceTree = "<group>";
		};
		849DCF5120773F2D0031F7B5 /* EmptyTableView */ = {
			isa = PBXGroup;
			children = (
				849DCF5220773F570031F7B5 /* EmptyTableView.swift */,
				849DCF4F20773E330031F7B5 /* EmptyTableView.xib */,
			);
			path = EmptyTableView;
			sourceTree = "<group>";
		};
		849DCF54207750840031F7B5 /* MapsModule */ = {
			isa = PBXGroup;
			children = (
				849DCF55207750A60031F7B5 /* MapViewController.swift */,
				849DCF5720775A220031F7B5 /* MapModel.swift */,
			);
			path = MapsModule;
			sourceTree = "<group>";
		};
		D4658C48AD6C0745C7913063 /* Frameworks */ = {
			isa = PBXGroup;
			children = (
				7071087386125C4267A3034A /* Pods_WeatherAppRX.framework */,
			);
			name = Frameworks;
			sourceTree = "<group>";
		};
/* End PBXGroup section */

/* Begin PBXNativeTarget section */
		8468DDDD20730F6900529D20 /* WeatherAppRX */ = {
			isa = PBXNativeTarget;
			buildConfigurationList = 8468DDF020730F6900529D20 /* Build configuration list for PBXNativeTarget "WeatherAppRX" */;
			buildPhases = (
				7A19A58DCA2D1127821D52E1 /* [CP] Check Pods Manifest.lock */,
				8468DDDA20730F6900529D20 /* Sources */,
				8468DDDB20730F6900529D20 /* Frameworks */,
				8468DDDC20730F6900529D20 /* Resources */,
				688D633C863E188B494A63CC /* [CP] Embed Pods Frameworks */,
				5405350E92F2562C60019944 /* [CP] Copy Pods Resources */,
			);
			buildRules = (
			);
			dependencies = (
			);
			name = WeatherAppRX;
			productName = WeatherAppRX;
			productReference = 8468DDDE20730F6900529D20 /* WeatherAppRX.app */;
			productType = "com.apple.product-type.application";
		};
/* End PBXNativeTarget section */

/* Begin PBXProject section */
		8468DDD620730F6900529D20 /* Project object */ = {
			isa = PBXProject;
			attributes = {
				LastSwiftUpdateCheck = 0900;
				LastUpgradeCheck = 0900;
				ORGANIZATIONNAME = "Rich Ruais";
				TargetAttributes = {
					8468DDDD20730F6900529D20 = {
						CreatedOnToolsVersion = 9.0.1;
						ProvisioningStyle = Automatic;
					};
				};
			};
			buildConfigurationList = 8468DDD920730F6900529D20 /* Build configuration list for PBXProject "WeatherAppRX" */;
			compatibilityVersion = "Xcode 8.0";
			developmentRegion = en;
			hasScannedForEncodings = 0;
			knownRegions = (
				en,
				Base,
			);
			mainGroup = 8468DDD520730F6900529D20;
			productRefGroup = 8468DDDF20730F6900529D20 /* Products */;
			projectDirPath = "";
			projectRoot = "";
			targets = (
				8468DDDD20730F6900529D20 /* WeatherAppRX */,
			);
		};
/* End PBXProject section */

/* Begin PBXResourcesBuildPhase section */
		8468DDDC20730F6900529D20 /* Resources */ = {
			isa = PBXResourcesBuildPhase;
			buildActionMask = 2147483647;
			files = (
				8468DDEC20730F6900529D20 /* LaunchScreen.storyboard in Resources */,
				849DCF5020773E330031F7B5 /* EmptyTableView.xib in Resources */,
				8468DDE920730F6900529D20 /* Assets.xcassets in Resources */,
				8468DDE720730F6900529D20 /* Main.storyboard in Resources */,
			);
			runOnlyForDeploymentPostprocessing = 0;
		};
/* End PBXResourcesBuildPhase section */

/* Begin PBXShellScriptBuildPhase section */
		5405350E92F2562C60019944 /* [CP] Copy Pods Resources */ = {
			isa = PBXShellScriptBuildPhase;
			buildActionMask = 2147483647;
			files = (
			);
			inputPaths = (
			);
			name = "[CP] Copy Pods Resources";
			outputPaths = (
			);
			runOnlyForDeploymentPostprocessing = 0;
			shellPath = /bin/sh;
			shellScript = "\"${SRCROOT}/Pods/Target Support Files/Pods-WeatherAppRX/Pods-WeatherAppRX-resources.sh\"\n";
			showEnvVarsInLog = 0;
		};
		688D633C863E188B494A63CC /* [CP] Embed Pods Frameworks */ = {
			isa = PBXShellScriptBuildPhase;
			buildActionMask = 2147483647;
			files = (
			);
			inputPaths = (
			);
			name = "[CP] Embed Pods Frameworks";
			outputPaths = (
			);
			runOnlyForDeploymentPostprocessing = 0;
			shellPath = /bin/sh;
			shellScript = "\"${SRCROOT}/Pods/Target Support Files/Pods-WeatherAppRX/Pods-WeatherAppRX-frameworks.sh\"\n";
			showEnvVarsInLog = 0;
		};
		7A19A58DCA2D1127821D52E1 /* [CP] Check Pods Manifest.lock */ = {
			isa = PBXShellScriptBuildPhase;
			buildActionMask = 2147483647;
			files = (
			);
			inputPaths = (
			);
			name = "[CP] Check Pods Manifest.lock";
			outputPaths = (
			);
			runOnlyForDeploymentPostprocessing = 0;
			shellPath = /bin/sh;
			shellScript = "diff \"${PODS_PODFILE_DIR_PATH}/Podfile.lock\" \"${PODS_ROOT}/Manifest.lock\" > /dev/null\nif [ $? != 0 ] ; then\n    # print error to STDERR\n    echo \"error: The sandbox is not in sync with the Podfile.lock. Run 'pod install' or update your CocoaPods installation.\" >&2\n    exit 1\nfi\n";
			showEnvVarsInLog = 0;
		};
/* End PBXShellScriptBuildPhase section */

/* Begin PBXSourcesBuildPhase section */
		8468DDDA20730F6900529D20 /* Sources */ = {
			isa = PBXSourcesBuildPhase;
			buildActionMask = 2147483647;
			files = (
				8468DDFC2073237D00529D20 /* WeatherViewModel.swift in Sources */,
				849DCF5320773F570031F7B5 /* EmptyTableView.swift in Sources */,
				8468DDF92073225F00529D20 /* WeatherTableViewCell.swift in Sources */,
				849DCF56207750A60031F7B5 /* MapViewController.swift in Sources */,
				8468DDE220730F6900529D20 /* AppDelegate.swift in Sources */,
				849DCF5820775A220031F7B5 /* MapModel.swift in Sources */,
				8468DDFE2073253600529D20 /* WeatherModel.swift in Sources */,
				8468DE022075C78E00529D20 /* Utilities.swift in Sources */,
				849DCF4C207738B30031F7B5 /* Extensions\\.swift in Sources */,
				8468DDF420730F8D00529D20 /* WeatherViewController.swift in Sources */,
			);
			runOnlyForDeploymentPostprocessing = 0;
		};
/* End PBXSourcesBuildPhase section */

/* Begin PBXVariantGroup section */
		8468DDE520730F6900529D20 /* Main.storyboard */ = {
			isa = PBXVariantGroup;
			children = (
				8468DDE620730F6900529D20 /* Base */,
			);
			name = Main.storyboard;
			sourceTree = "<group>";
		};
		8468DDEA20730F6900529D20 /* LaunchScreen.storyboard */ = {
			isa = PBXVariantGroup;
			children = (
				8468DDEB20730F6900529D20 /* Base */,
			);
			name = LaunchScreen.storyboard;
			sourceTree = "<group>";
		};
/* End PBXVariantGroup section */

/* Begin XCBuildConfiguration section */
		8468DDEE20730F6900529D20 /* Debug */ = {
			isa = XCBuildConfiguration;
			buildSettings = {
				ALWAYS_SEARCH_USER_PATHS = NO;
				CLANG_ANALYZER_NONNULL = YES;
				CLANG_ANALYZER_NUMBER_OBJECT_CONVERSION = YES_AGGRESSIVE;
				CLANG_CXX_LANGUAGE_STANDARD = "gnu++14";
				CLANG_CXX_LIBRARY = "libc++";
				CLANG_ENABLE_MODULES = YES;
				CLANG_ENABLE_OBJC_ARC = YES;
				CLANG_WARN_BLOCK_CAPTURE_AUTORELEASING = YES;
				CLANG_WARN_BOOL_CONVERSION = YES;
				CLANG_WARN_COMMA = YES;
				CLANG_WARN_CONSTANT_CONVERSION = YES;
				CLANG_WARN_DIRECT_OBJC_ISA_USAGE = YES_ERROR;
				CLANG_WARN_DOCUMENTATION_COMMENTS = YES;
				CLANG_WARN_EMPTY_BODY = YES;
				CLANG_WARN_ENUM_CONVERSION = YES;
				CLANG_WARN_INFINITE_RECURSION = YES;
				CLANG_WARN_INT_CONVERSION = YES;
				CLANG_WARN_NON_LITERAL_NULL_CONVERSION = YES;
				CLANG_WARN_OBJC_LITERAL_CONVERSION = YES;
				CLANG_WARN_OBJC_ROOT_CLASS = YES_ERROR;
				CLANG_WARN_RANGE_LOOP_ANALYSIS = YES;
				CLANG_WARN_STRICT_PROTOTYPES = YES;
				CLANG_WARN_SUSPICIOUS_MOVE = YES;
				CLANG_WARN_UNGUARDED_AVAILABILITY = YES_AGGRESSIVE;
				CLANG_WARN_UNREACHABLE_CODE = YES;
				CLANG_WARN__DUPLICATE_METHOD_MATCH = YES;
				CODE_SIGN_IDENTITY = "iPhone Developer";
				COPY_PHASE_STRIP = NO;
				DEBUG_INFORMATION_FORMAT = dwarf;
				ENABLE_STRICT_OBJC_MSGSEND = YES;
				ENABLE_TESTABILITY = YES;
				GCC_C_LANGUAGE_STANDARD = gnu11;
				GCC_DYNAMIC_NO_PIC = NO;
				GCC_NO_COMMON_BLOCKS = YES;
				GCC_OPTIMIZATION_LEVEL = 0;
				GCC_PREPROCESSOR_DEFINITIONS = (
					"DEBUG=1",
					"$(inherited)",
				);
				GCC_WARN_64_TO_32_BIT_CONVERSION = YES;
				GCC_WARN_ABOUT_RETURN_TYPE = YES_ERROR;
				GCC_WARN_UNDECLARED_SELECTOR = YES;
				GCC_WARN_UNINITIALIZED_AUTOS = YES_AGGRESSIVE;
				GCC_WARN_UNUSED_FUNCTION = YES;
				GCC_WARN_UNUSED_VARIABLE = YES;
				IPHONEOS_DEPLOYMENT_TARGET = 11.0;
				MTL_ENABLE_DEBUG_INFO = YES;
				ONLY_ACTIVE_ARCH = YES;
				SDKROOT = iphoneos;
				SWIFT_ACTIVE_COMPILATION_CONDITIONS = DEBUG;
				SWIFT_OPTIMIZATION_LEVEL = "-Onone";
			};
			name = Debug;
		};
		8468DDEF20730F6900529D20 /* Release */ = {
			isa = XCBuildConfiguration;
			buildSettings = {
				ALWAYS_SEARCH_USER_PATHS = NO;
				CLANG_ANALYZER_NONNULL = YES;
				CLANG_ANALYZER_NUMBER_OBJECT_CONVERSION = YES_AGGRESSIVE;
				CLANG_CXX_LANGUAGE_STANDARD = "gnu++14";
				CLANG_CXX_LIBRARY = "libc++";
				CLANG_ENABLE_MODULES = YES;
				CLANG_ENABLE_OBJC_ARC = YES;
				CLANG_WARN_BLOCK_CAPTURE_AUTORELEASING = YES;
				CLANG_WARN_BOOL_CONVERSION = YES;
				CLANG_WARN_COMMA = YES;
				CLANG_WARN_CONSTANT_CONVERSION = YES;
				CLANG_WARN_DIRECT_OBJC_ISA_USAGE = YES_ERROR;
				CLANG_WARN_DOCUMENTATION_COMMENTS = YES;
				CLANG_WARN_EMPTY_BODY = YES;
				CLANG_WARN_ENUM_CONVERSION = YES;
				CLANG_WARN_INFINITE_RECURSION = YES;
				CLANG_WARN_INT_CONVERSION = YES;
				CLANG_WARN_NON_LITERAL_NULL_CONVERSION = YES;
				CLANG_WARN_OBJC_LITERAL_CONVERSION = YES;
				CLANG_WARN_OBJC_ROOT_CLASS = YES_ERROR;
				CLANG_WARN_RANGE_LOOP_ANALYSIS = YES;
				CLANG_WARN_STRICT_PROTOTYPES = YES;
				CLANG_WARN_SUSPICIOUS_MOVE = YES;
				CLANG_WARN_UNGUARDED_AVAILABILITY = YES_AGGRESSIVE;
				CLANG_WARN_UNREACHABLE_CODE = YES;
				CLANG_WARN__DUPLICATE_METHOD_MATCH = YES;
				CODE_SIGN_IDENTITY = "iPhone Developer";
				COPY_PHASE_STRIP = NO;
				DEBUG_INFORMATION_FORMAT = "dwarf-with-dsym";
				ENABLE_NS_ASSERTIONS = NO;
				ENABLE_STRICT_OBJC_MSGSEND = YES;
				GCC_C_LANGUAGE_STANDARD = gnu11;
				GCC_NO_COMMON_BLOCKS = YES;
				GCC_WARN_64_TO_32_BIT_CONVERSION = YES;
				GCC_WARN_ABOUT_RETURN_TYPE = YES_ERROR;
				GCC_WARN_UNDECLARED_SELECTOR = YES;
				GCC_WARN_UNINITIALIZED_AUTOS = YES_AGGRESSIVE;
				GCC_WARN_UNUSED_FUNCTION = YES;
				GCC_WARN_UNUSED_VARIABLE = YES;
				IPHONEOS_DEPLOYMENT_TARGET = 11.0;
				MTL_ENABLE_DEBUG_INFO = NO;
				SDKROOT = iphoneos;
				SWIFT_OPTIMIZATION_LEVEL = "-Owholemodule";
				VALIDATE_PRODUCT = YES;
			};
			name = Release;
		};
		8468DDF120730F6900529D20 /* Debug */ = {
			isa = XCBuildConfiguration;
			baseConfigurationReference = 26F567FD7D55E5104BE31EC7 /* Pods-WeatherAppRX.debug.xcconfig */;
			buildSettings = {
				ASSETCATALOG_COMPILER_APPICON_NAME = AppIcon;
				CODE_SIGN_STYLE = Automatic;
				DEVELOPMENT_TEAM = 5UXG4M82GX;
				INFOPLIST_FILE = WeatherAppRX/Info.plist;
				LD_RUNPATH_SEARCH_PATHS = "$(inherited) @executable_path/Frameworks";
				PRODUCT_BUNDLE_IDENTIFIER = com.rruais.WeatherAppRX;
				PRODUCT_NAME = "$(TARGET_NAME)";
				SWIFT_VERSION = 4.0;
				TARGETED_DEVICE_FAMILY = "1,2";
			};
			name = Debug;
		};
		8468DDF220730F6900529D20 /* Release */ = {
			isa = XCBuildConfiguration;
			baseConfigurationReference = 24C62DAEB195B51A5856580A /* Pods-WeatherAppRX.release.xcconfig */;
			buildSettings = {
				ASSETCATALOG_COMPILER_APPICON_NAME = AppIcon;
				CODE_SIGN_STYLE = Automatic;
				DEVELOPMENT_TEAM = 5UXG4M82GX;
				INFOPLIST_FILE = WeatherAppRX/Info.plist;
				LD_RUNPATH_SEARCH_PATHS = "$(inherited) @executable_path/Frameworks";
				PRODUCT_BUNDLE_IDENTIFIER = com.rruais.WeatherAppRX;
				PRODUCT_NAME = "$(TARGET_NAME)";
				SWIFT_VERSION = 4.0;
				TARGETED_DEVICE_FAMILY = "1,2";
			};
			name = Release;
		};
/* End XCBuildConfiguration section */

/* Begin XCConfigurationList section */
		8468DDD920730F6900529D20 /* Build configuration list for PBXProject "WeatherAppRX" */ = {
			isa = XCConfigurationList;
			buildConfigurations = (
				8468DDEE20730F6900529D20 /* Debug */,
				8468DDEF20730F6900529D20 /* Release */,
			);
			defaultConfigurationIsVisible = 0;
			defaultConfigurationName = Release;
		};
		8468DDF020730F6900529D20 /* Build configuration list for PBXNativeTarget "WeatherAppRX" */ = {
			isa = XCConfigurationList;
			buildConfigurations = (
				8468DDF120730F6900529D20 /* Debug */,
				8468DDF220730F6900529D20 /* Release */,
			);
			defaultConfigurationIsVisible = 0;
			defaultConfigurationName = Release;
		};
/* End XCConfigurationList section */
	};
	rootObject = 8468DDD620730F6900529D20 /* Project object */;
}
